
Microsoft Visual Studio Solution File, Format Version 12.00
# Visual Studio Version 17
VisualStudioVersion = 17.1.32421.90
MinimumVisualStudioVersion = 10.0.40219.1
Project("{FAE04EC0-301F-11D3-BF4B-00C04F79EFBC}") = "wpfKozhuhov", "wpfKozhuhov.csproj", "{1B61A253-C2E6-4530-B7BA-FF59168D57BD}"
EndProject
Global
	GlobalSection(SolutionConfigurationPlatforms) = preSolution
		Debug|Any CPU = Debug|Any CPU
		Release|Any CPU = Release|Any CPU
	EndGlobalSection
	GlobalSection(ProjectConfigurationPlatforms) = postSolution
		{1B61A253-C2E6-4530-B7BA-FF59168D57BD}.Debug|Any CPU.ActiveCfg = Debug|Any CPU
		{1B61A253-C2E6-4530-B7BA-FF59168D57BD}.Debug|Any CPU.Build.0 = Debug|Any CPU
		{1B61A253-C2E6-4530-B7BA-FF59168D57BD}.Release|Any CPU.ActiveCfg = Release|Any CPU
		{1B61A253-C2E6-4530-B7BA-FF59168D57BD}.Release|Any CPU.Build.0 = Release|Any CPU
	EndGlobalSection
	GlobalSection(SolutionProperties) = preSolution
		HideSolutionNode = FALSE
	EndGlobalSection
	GlobalSection(ExtensibilityGlobals) = postSolution
		SolutionGuid = {261E46B9-CDCA-42FC-8F66-0A9A034DD645}
	EndGlobalSection
EndGlobal
